
Microsoft Visual Studio Solution File, Format Version 10.00
# Visual Studio 2008
Project("{FAE04EC0-301F-11D3-BF4B-00C04F79EFBC}") = "BizCare.View", "BizCare.View\BizCare.View.csproj", "{21109896-EFCA-4848-B453-FF762B19C66F}"
EndProject
Project("{FAE04EC0-301F-11D3-BF4B-00C04F79EFBC}") = "BizCare.Model", "BizCare.Model\BizCare.Model.csproj", "{3166AB82-C4A4-4707-B70A-6C75627D0155}"
EndProject
Project("{FAE04EC0-301F-11D3-BF4B-00C04F79EFBC}") = "BizCare.Repository", "BizCare.Repository\BizCare.Repository.csproj", "{FAECF46C-2870-46AC-9EE7-B33E35502B18}"
EndProject
Global
	GlobalSection(SolutionConfigurationPlatforms) = preSolution
		Debug|Any CPU = Debug|Any CPU
		Release|Any CPU = Release|Any CPU
	EndGlobalSection
	GlobalSection(ProjectConfigurationPlatforms) = postSolution
		{21109896-EFCA-4848-B453-FF762B19C66F}.Debug|Any CPU.ActiveCfg = Debug|Any CPU
		{21109896-EFCA-4848-B453-FF762B19C66F}.Debug|Any CPU.Build.0 = Debug|Any CPU
		{21109896-EFCA-4848-B453-FF762B19C66F}.Release|Any CPU.ActiveCfg = Release|Any CPU
		{21109896-EFCA-4848-B453-FF762B19C66F}.Release|Any CPU.Build.0 = Release|Any CPU
		{3166AB82-C4A4-4707-B70A-6C75627D0155}.Debug|Any CPU.ActiveCfg = Debug|Any CPU
		{3166AB82-C4A4-4707-B70A-6C75627D0155}.Debug|Any CPU.Build.0 = Debug|Any CPU
		{3166AB82-C4A4-4707-B70A-6C75627D0155}.Release|Any CPU.ActiveCfg = Release|Any CPU
		{3166AB82-C4A4-4707-B70A-6C75627D0155}.Release|Any CPU.Build.0 = Release|Any CPU
		{FAECF46C-2870-46AC-9EE7-B33E35502B18}.Debug|Any CPU.ActiveCfg = Debug|Any CPU
		{FAECF46C-2870-46AC-9EE7-B33E35502B18}.Debug|Any CPU.Build.0 = Debug|Any CPU
		{FAECF46C-2870-46AC-9EE7-B33E35502B18}.Release|Any CPU.ActiveCfg = Release|Any CPU
		{FAECF46C-2870-46AC-9EE7-B33E35502B18}.Release|Any CPU.Build.0 = Release|Any CPU
	EndGlobalSection
	GlobalSection(SolutionProperties) = preSolution
		HideSolutionNode = FALSE
	EndGlobalSection
EndGlobal
